
Microsoft Visual Studio Solution File, Format Version 12.00
# Visual Studio Version 16
VisualStudioVersion = 16.0.30503.244
MinimumVisualStudioVersion = 10.0.40219.1
Project("{FAE04EC0-301F-11D3-BF4B-00C04F79EFBC}") = "RPSLS", "RPSLS\RPSLS.csproj", "{869A08AF-4198-4A0E-A6DB-CAEA383F9DDB}"
EndProject
Global
	GlobalSection(SolutionConfigurationPlatforms) = preSolution
		Debug|Any CPU = Debug|Any CPU
		Release|Any CPU = Release|Any CPU
	EndGlobalSection
	GlobalSection(ProjectConfigurationPlatforms) = postSolution
		{869A08AF-4198-4A0E-A6DB-CAEA383F9DDB}.Debug|Any CPU.ActiveCfg = Debug|Any CPU
		{869A08AF-4198-4A0E-A6DB-CAEA383F9DDB}.Debug|Any CPU.Build.0 = Debug|Any CPU
		{869A08AF-4198-4A0E-A6DB-CAEA383F9DDB}.Release|Any CPU.ActiveCfg = Release|Any CPU
		{869A08AF-4198-4A0E-A6DB-CAEA383F9DDB}.Release|Any CPU.Build.0 = Release|Any CPU
	EndGlobalSection
	GlobalSection(SolutionProperties) = preSolution
		HideSolutionNode = FALSE
	EndGlobalSection
	GlobalSection(ExtensibilityGlobals) = postSolution
		SolutionGuid = {1C6BC17B-2BB5-4B82-AC6B-82385B17C970}
	EndGlobalSection
EndGlobal
